
Microsoft Visual Studio Solution File, Format Version 12.00
# Visual Studio Version 16
VisualStudioVersion = 16.0.34301.259
MinimumVisualStudioVersion = 10.0.40219.1
Project("{FAE04EC0-301F-11D3-BF4B-00C04F79EFBC}") = "Rento", "Rento.csproj", "{8FC9CB79-360F-4D43-B2E3-216E2B20E1C9}"
EndProject
Global
	GlobalSection(SolutionConfigurationPlatforms) = preSolution
		Debug|Any CPU = Debug|Any CPU
		Release|Any CPU = Release|Any CPU
	EndGlobalSection
	GlobalSection(ProjectConfigurationPlatforms) = postSolution
		{8FC9CB79-360F-4D43-B2E3-216E2B20E1C9}.Debug|Any CPU.ActiveCfg = Debug|Any CPU
		{8FC9CB79-360F-4D43-B2E3-216E2B20E1C9}.Debug|Any CPU.Build.0 = Debug|Any CPU
		{8FC9CB79-360F-4D43-B2E3-216E2B20E1C9}.Release|Any CPU.ActiveCfg = Release|Any CPU
		{8FC9CB79-360F-4D43-B2E3-216E2B20E1C9}.Release|Any CPU.Build.0 = Release|Any CPU
	EndGlobalSection
	GlobalSection(SolutionProperties) = preSolution
		HideSolutionNode = FALSE
	EndGlobalSection
	GlobalSection(ExtensibilityGlobals) = postSolution
		SolutionGuid = {8D66E8F2-F793-452C-8E20-90CED54C688C}
	EndGlobalSection
EndGlobal
